
Microsoft Visual Studio Solution File, Format Version 12.00
# Visual Studio 15
VisualStudioVersion = 15.0.28307.1300
MinimumVisualStudioVersion = 10.0.40219.1
Project("{FAE04EC0-301F-11D3-BF4B-00C04F79EFBC}") = "scorchGore", "scorchGore.csproj", "{E24CEA5F-26E2-41E7-83AA-CC5B6EFE4C10}"
EndProject
Global
	GlobalSection(SolutionConfigurationPlatforms) = preSolution
		Debug|Any CPU = Debug|Any CPU
		Release|Any CPU = Release|Any CPU
	EndGlobalSection
	GlobalSection(ProjectConfigurationPlatforms) = postSolution
		{E24CEA5F-26E2-41E7-83AA-CC5B6EFE4C10}.Debug|Any CPU.ActiveCfg = Debug|Any CPU
		{E24CEA5F-26E2-41E7-83AA-CC5B6EFE4C10}.Debug|Any CPU.Build.0 = Debug|Any CPU
		{E24CEA5F-26E2-41E7-83AA-CC5B6EFE4C10}.Release|Any CPU.ActiveCfg = Release|Any CPU
		{E24CEA5F-26E2-41E7-83AA-CC5B6EFE4C10}.Release|Any CPU.Build.0 = Release|Any CPU
	EndGlobalSection
	GlobalSection(SolutionProperties) = preSolution
		HideSolutionNode = FALSE
	EndGlobalSection
	GlobalSection(ExtensibilityGlobals) = postSolution
		SolutionGuid = {B4DF05BE-0414-4FD8-97A8-A426319E1BC0}
	EndGlobalSection
EndGlobal
